
Microsoft Visual Studio Solution File, Format Version 12.00
# Visual Studio 2013
VisualStudioVersion = 12.0.30723.0
MinimumVisualStudioVersion = 10.0.40219.1
Project("{FAE04EC0-301F-11D3-BF4B-00C04F79EFBC}") = "aspnet", "aspnet\aspnet.csproj", "{27EC9522-305E-45F5-911F-EFFD58910315}"
EndProject
Project("{FAE04EC0-301F-11D3-BF4B-00C04F79EFBC}") = "SAS", "SAS\SAS.csproj", "{3AD22028-A168-48E0-9A76-AC55F3DC2903}"
EndProject
Project("{FAE04EC0-301F-11D3-BF4B-00C04F79EFBC}") = "ReadSas", "ReadSas\ReadSas.csproj", "{DDA495F0-5EF1-497F-B32B-61E713780B94}"
EndProject
Global
	GlobalSection(SolutionConfigurationPlatforms) = preSolution
		Debug|Any CPU = Debug|Any CPU
		Release|Any CPU = Release|Any CPU
		transform|Any CPU = transform|Any CPU
	EndGlobalSection
	GlobalSection(ProjectConfigurationPlatforms) = postSolution
		{27EC9522-305E-45F5-911F-EFFD58910315}.Debug|Any CPU.ActiveCfg = Debug|Any CPU
		{27EC9522-305E-45F5-911F-EFFD58910315}.Debug|Any CPU.Build.0 = Debug|Any CPU
		{27EC9522-305E-45F5-911F-EFFD58910315}.Release|Any CPU.ActiveCfg = Release|Any CPU
		{27EC9522-305E-45F5-911F-EFFD58910315}.Release|Any CPU.Build.0 = Release|Any CPU
		{27EC9522-305E-45F5-911F-EFFD58910315}.transform|Any CPU.ActiveCfg = transform|Any CPU
		{27EC9522-305E-45F5-911F-EFFD58910315}.transform|Any CPU.Build.0 = transform|Any CPU
		{3AD22028-A168-48E0-9A76-AC55F3DC2903}.Debug|Any CPU.ActiveCfg = Debug|Any CPU
		{3AD22028-A168-48E0-9A76-AC55F3DC2903}.Debug|Any CPU.Build.0 = Debug|Any CPU
		{3AD22028-A168-48E0-9A76-AC55F3DC2903}.Release|Any CPU.ActiveCfg = Release|Any CPU
		{3AD22028-A168-48E0-9A76-AC55F3DC2903}.Release|Any CPU.Build.0 = Release|Any CPU
		{3AD22028-A168-48E0-9A76-AC55F3DC2903}.transform|Any CPU.ActiveCfg = transform|Any CPU
		{3AD22028-A168-48E0-9A76-AC55F3DC2903}.transform|Any CPU.Build.0 = transform|Any CPU
		{DDA495F0-5EF1-497F-B32B-61E713780B94}.Debug|Any CPU.ActiveCfg = Debug|Any CPU
		{DDA495F0-5EF1-497F-B32B-61E713780B94}.Debug|Any CPU.Build.0 = Debug|Any CPU
		{DDA495F0-5EF1-497F-B32B-61E713780B94}.Release|Any CPU.ActiveCfg = Release|Any CPU
		{DDA495F0-5EF1-497F-B32B-61E713780B94}.Release|Any CPU.Build.0 = Release|Any CPU
		{DDA495F0-5EF1-497F-B32B-61E713780B94}.transform|Any CPU.ActiveCfg = transform|Any CPU
		{DDA495F0-5EF1-497F-B32B-61E713780B94}.transform|Any CPU.Build.0 = transform|Any CPU
	EndGlobalSection
	GlobalSection(SolutionProperties) = preSolution
		HideSolutionNode = FALSE
	EndGlobalSection
EndGlobal
